
Microsoft Visual Studio Solution File, Format Version 12.00
# Visual Studio 15
VisualStudioVersion = 15.0.27703.2042
MinimumVisualStudioVersion = 10.0.40219.1
Project("{FAE04EC0-301F-11D3-BF4B-00C04F79EFBC}") = "StringSearchSequential", "StringSearchSequential\StringSearchSequential.csproj", "{016DEB3D-5DB7-454A-816C-87C9F6E9A7EA}"
EndProject
Global
	GlobalSection(SolutionConfigurationPlatforms) = preSolution
		Debug|Any CPU = Debug|Any CPU
		Release|Any CPU = Release|Any CPU
	EndGlobalSection
	GlobalSection(ProjectConfigurationPlatforms) = postSolution
		{016DEB3D-5DB7-454A-816C-87C9F6E9A7EA}.Debug|Any CPU.ActiveCfg = Debug|Any CPU
		{016DEB3D-5DB7-454A-816C-87C9F6E9A7EA}.Debug|Any CPU.Build.0 = Debug|Any CPU
		{016DEB3D-5DB7-454A-816C-87C9F6E9A7EA}.Release|Any CPU.ActiveCfg = Release|Any CPU
		{016DEB3D-5DB7-454A-816C-87C9F6E9A7EA}.Release|Any CPU.Build.0 = Release|Any CPU
	EndGlobalSection
	GlobalSection(SolutionProperties) = preSolution
		HideSolutionNode = FALSE
	EndGlobalSection
	GlobalSection(ExtensibilityGlobals) = postSolution
		SolutionGuid = {45EB511D-F1F2-4270-B670-4B87C64D5A1C}
	EndGlobalSection
EndGlobal
