
Microsoft Visual Studio Solution File, Format Version 12.00
# Visual Studio 15
VisualStudioVersion = 15.0.28307.1300
MinimumVisualStudioVersion = 10.0.40219.1
Project("{9A19103F-16F7-4668-BE54-9A1E7A4F7556}") = "StringSearch", "StringSearch\StringSearch.csproj", "{AA0D11F5-6EDE-40FC-AE53-E0468F64144D}"
EndProject
Project("{9A19103F-16F7-4668-BE54-9A1E7A4F7556}") = "StringSearchTest", "StringSearchTest\StringSearchTest.csproj", "{3E56883B-B941-41BC-87E3-285AB115CD7A}"
EndProject
Global
	GlobalSection(SolutionConfigurationPlatforms) = preSolution
		Debug|Any CPU = Debug|Any CPU
		Release|Any CPU = Release|Any CPU
	EndGlobalSection
	GlobalSection(ProjectConfigurationPlatforms) = postSolution
		{AA0D11F5-6EDE-40FC-AE53-E0468F64144D}.Debug|Any CPU.ActiveCfg = Debug|Any CPU
		{AA0D11F5-6EDE-40FC-AE53-E0468F64144D}.Debug|Any CPU.Build.0 = Debug|Any CPU
		{AA0D11F5-6EDE-40FC-AE53-E0468F64144D}.Release|Any CPU.ActiveCfg = Release|Any CPU
		{AA0D11F5-6EDE-40FC-AE53-E0468F64144D}.Release|Any CPU.Build.0 = Release|Any CPU
		{3E56883B-B941-41BC-87E3-285AB115CD7A}.Debug|Any CPU.ActiveCfg = Debug|Any CPU
		{3E56883B-B941-41BC-87E3-285AB115CD7A}.Debug|Any CPU.Build.0 = Debug|Any CPU
		{3E56883B-B941-41BC-87E3-285AB115CD7A}.Release|Any CPU.ActiveCfg = Release|Any CPU
		{3E56883B-B941-41BC-87E3-285AB115CD7A}.Release|Any CPU.Build.0 = Release|Any CPU
	EndGlobalSection
	GlobalSection(SolutionProperties) = preSolution
		HideSolutionNode = FALSE
	EndGlobalSection
	GlobalSection(ExtensibilityGlobals) = postSolution
		SolutionGuid = {2E1EEE42-C62A-4F8C-B26B-F69A00421E5E}
	EndGlobalSection
EndGlobal
